Microsoft Visual Studio Solution File, Format Version 12.00
# Visual Studio Version 17
VisualStudioVersion = 17.0.31903.59
MinimumVisualStudioVersion = 10.0.40219.1
Project("{888888A0-9F3D-457C-B088-3A5042F75D52}") = "ManufacturingSystem", "ManufacturingSystem.pyproj", "{A2FE74E1-B743-11E4-9424-08002B30AD21}"
EndProject
Global
	GlobalSection(SolutionConfigurationPlatforms) = preSolution
		Debug|Any CPU = Debug|Any CPU
		Release|Any CPU = Release|Any CPU
		Production|Any CPU = Production|Any CPU
	EndGlobalSection
	GlobalSection(ProjectConfigurationPlatforms) = postSolution
		{A2FE74E1-B743-11E4-9424-08002B30AD21}.Debug|Any CPU.ActiveCfg = Debug|Any CPU
		{A2FE74E1-B743-11E4-9424-08002B30AD21}.Debug|Any CPU.Build.0 = Debug|Any CPU
		{A2FE74E1-B743-11E4-9424-08002B30AD21}.Release|Any CPU.ActiveCfg = Release|Any CPU
		{A2FE74E1-B743-11E4-9424-08002B30AD21}.Release|Any CPU.Build.0 = Release|Any CPU
		{A2FE74E1-B743-11E4-9424-08002B30AD21}.Production|Any CPU.ActiveCfg = Production|Any CPU
		{A2FE74E1-B743-11E4-9424-08002B30AD21}.Production|Any CPU.Build.0 = Production|Any CPU
	EndGlobalSection
	GlobalSection(SolutionProperties) = preSolution
		HideSolutionNode = FALSE
	EndGlobalSection
	GlobalSection(ExtensibilityGlobals) = postSolution
		SolutionGuid = {B17E85B1-5F60-4440-9F9A-3DDE877E8CDF}
	EndGlobalSection
EndGlobal
